<?xml version="1.0" encoding="utf-8"?>
<Project ToolsVersion="4.0" xmlns="http://schemas.microsoft.com/developer/msbuild/2003">
  <ItemGroup>
    <Filter Include="Helios">
      <UniqueIdentifier>{492333B7-35C5-5D8D-1E80-71E10AC1E4DD}</UniqueIdentifier>
    </Filter>
  </ItemGroup>
  <ItemGroup>
    <ClInclude Include="src\Helios.h" />
    <ClInclude Include="src\Helios\Application.h">
      <Filter>Helios</Filter>
    </ClInclude>
    <ClInclude Include="src\Helios\Core.h">
      <Filter>Helios</Filter>
    </ClInclude>
    <ClInclude Include="src\Helios\EntryPoint.h">
      <Filter>Helios</Filter>
    </ClInclude>
    <ClInclude Include="src\Helios\Log.h">
      <Filter>Helios</Filter>
    </ClInclude>
  </ItemGroup>
  <ItemGroup>
    <ClCompile Include="src\Helios\Application.cpp">
      <Filter>Helios</Filter>
    </ClCompile>
    <ClCompile Include="src\Helios\Log.cpp">
      <Filter>Helios</Filter>
    </ClCompile>
  </ItemGroup>
</Project>